
Microsoft Visual Studio Solution File, Format Version 12.00
# Visual Studio Version 17
VisualStudioVersion = 17.7.34031.279
MinimumVisualStudioVersion = 10.0.40219.1
Project("{9A19103F-16F7-4668-BE54-9A1E7A4F7556}") = "CS.DAL", "CS.DAL\CS.DAL.csproj", "{D01B2568-97CE-441C-95DF-CAA0D2A609BA}"
EndProject
Project("{9A19103F-16F7-4668-BE54-9A1E7A4F7556}") = "CS.API", "CS.API\CS.API.csproj", "{A23ACB7F-3DCA-4838-A09D-2F558858E5A6}"
EndProject
Project("{9A19103F-16F7-4668-BE54-9A1E7A4F7556}") = "CS.BL", "CS.BL\CS.BL.csproj", "{C3226069-161D-4E3B-AA65-91E4E78964A1}"
EndProject
Global
	GlobalSection(SolutionConfigurationPlatforms) = preSolution
		Debug|Any CPU = Debug|Any CPU
		Release|Any CPU = Release|Any CPU
	EndGlobalSection
	GlobalSection(ProjectConfigurationPlatforms) = postSolution
		{D01B2568-97CE-441C-95DF-CAA0D2A609BA}.Debug|Any CPU.ActiveCfg = Debug|Any CPU
		{D01B2568-97CE-441C-95DF-CAA0D2A609BA}.Debug|Any CPU.Build.0 = Debug|Any CPU
		{D01B2568-97CE-441C-95DF-CAA0D2A609BA}.Release|Any CPU.ActiveCfg = Release|Any CPU
		{D01B2568-97CE-441C-95DF-CAA0D2A609BA}.Release|Any CPU.Build.0 = Release|Any CPU
		{A23ACB7F-3DCA-4838-A09D-2F558858E5A6}.Debug|Any CPU.ActiveCfg = Debug|Any CPU
		{A23ACB7F-3DCA-4838-A09D-2F558858E5A6}.Debug|Any CPU.Build.0 = Debug|Any CPU
		{A23ACB7F-3DCA-4838-A09D-2F558858E5A6}.Release|Any CPU.ActiveCfg = Release|Any CPU
		{A23ACB7F-3DCA-4838-A09D-2F558858E5A6}.Release|Any CPU.Build.0 = Release|Any CPU
		{C3226069-161D-4E3B-AA65-91E4E78964A1}.Debug|Any CPU.ActiveCfg = Debug|Any CPU
		{C3226069-161D-4E3B-AA65-91E4E78964A1}.Debug|Any CPU.Build.0 = Debug|Any CPU
		{C3226069-161D-4E3B-AA65-91E4E78964A1}.Release|Any CPU.ActiveCfg = Release|Any CPU
		{C3226069-161D-4E3B-AA65-91E4E78964A1}.Release|Any CPU.Build.0 = Release|Any CPU
	EndGlobalSection
	GlobalSection(SolutionProperties) = preSolution
		HideSolutionNode = FALSE
	EndGlobalSection
	GlobalSection(ExtensibilityGlobals) = postSolution
		SolutionGuid = {B44FF8E6-43AC-4749-B653-F1300A25A610}
	EndGlobalSection
EndGlobal
