
Microsoft Visual Studio Solution File, Format Version 12.00
# Visual Studio Version 17
VisualStudioVersion = 17.7.34031.279
MinimumVisualStudioVersion = 10.0.40219.1
Project("{FAE04EC0-301F-11D3-BF4B-00C04F79EFBC}") = "CustomerSupportSecurity", "Security\CustomerSupportSecurity.csproj", "{0371E717-2A32-4C67-9700-B6A6437325DD}"
EndProject
Project("{FAE04EC0-301F-11D3-BF4B-00C04F79EFBC}") = "CustomerSupportData", "CustomerSupportData\CustomerSupportData.csproj", "{D01B2568-97CE-441C-95DF-CAA0D2A609BA}"
EndProject
Global
	GlobalSection(SolutionConfigurationPlatforms) = preSolution
		Debug|Any CPU = Debug|Any CPU
		Release|Any CPU = Release|Any CPU
	EndGlobalSection
	GlobalSection(ProjectConfigurationPlatforms) = postSolution
		{0371E717-2A32-4C67-9700-B6A6437325DD}.Debug|Any CPU.ActiveCfg = Debug|Any CPU
		{0371E717-2A32-4C67-9700-B6A6437325DD}.Debug|Any CPU.Build.0 = Debug|Any CPU
		{0371E717-2A32-4C67-9700-B6A6437325DD}.Release|Any CPU.ActiveCfg = Release|Any CPU
		{0371E717-2A32-4C67-9700-B6A6437325DD}.Release|Any CPU.Build.0 = Release|Any CPU
		{D01B2568-97CE-441C-95DF-CAA0D2A609BA}.Debug|Any CPU.ActiveCfg = Debug|Any CPU
		{D01B2568-97CE-441C-95DF-CAA0D2A609BA}.Debug|Any CPU.Build.0 = Debug|Any CPU
		{D01B2568-97CE-441C-95DF-CAA0D2A609BA}.Release|Any CPU.ActiveCfg = Release|Any CPU
		{D01B2568-97CE-441C-95DF-CAA0D2A609BA}.Release|Any CPU.Build.0 = Release|Any CPU
	EndGlobalSection
	GlobalSection(SolutionProperties) = preSolution
		HideSolutionNode = FALSE
	EndGlobalSection
	GlobalSection(ExtensibilityGlobals) = postSolution
		SolutionGuid = {B44FF8E6-43AC-4749-B653-F1300A25A610}
	EndGlobalSection
EndGlobal
